
Microsoft Visual Studio Solution File, Format Version 12.00
# Visual Studio Version 16
VisualStudioVersion = 16.0.34407.143
MinimumVisualStudioVersion = 10.0.40219.1
Project("{FAE04EC0-301F-11D3-BF4B-00C04F79EFBC}") = "SQLClient", "SQLClient.csproj", "{4D5B580E-1A19-4BF8-8D08-0D745821BA7B}"
EndProject
Global
	GlobalSection(SolutionConfigurationPlatforms) = preSolution
		Debug|Any CPU = Debug|Any CPU
		Debug|x64 = Debug|x64
		Release|Any CPU = Release|Any CPU
		Release|x64 = Release|x64
	EndGlobalSection
	GlobalSection(ProjectConfigurationPlatforms) = postSolution
		{4D5B580E-1A19-4BF8-8D08-0D745821BA7B}.Debug|Any CPU.ActiveCfg = Debug|Any CPU
		{4D5B580E-1A19-4BF8-8D08-0D745821BA7B}.Debug|Any CPU.Build.0 = Debug|Any CPU
		{4D5B580E-1A19-4BF8-8D08-0D745821BA7B}.Debug|x64.ActiveCfg = Debug|x64
		{4D5B580E-1A19-4BF8-8D08-0D745821BA7B}.Debug|x64.Build.0 = Debug|x64
		{4D5B580E-1A19-4BF8-8D08-0D745821BA7B}.Release|Any CPU.ActiveCfg = Release|Any CPU
		{4D5B580E-1A19-4BF8-8D08-0D745821BA7B}.Release|Any CPU.Build.0 = Release|Any CPU
		{4D5B580E-1A19-4BF8-8D08-0D745821BA7B}.Release|x64.ActiveCfg = Release|x64
		{4D5B580E-1A19-4BF8-8D08-0D745821BA7B}.Release|x64.Build.0 = Release|x64
	EndGlobalSection
	GlobalSection(SolutionProperties) = preSolution
		HideSolutionNode = FALSE
	EndGlobalSection
	GlobalSection(ExtensibilityGlobals) = postSolution
		SolutionGuid = {96D86483-CF42-42F2-8306-88D0849D317B}
	EndGlobalSection
EndGlobal
